
Microsoft Visual Studio Solution File, Format Version 12.00
# Visual Studio Version 16
VisualStudioVersion = 16.0.30011.22
MinimumVisualStudioVersion = 10.0.40219.1
Project("{FAE04EC0-301F-11D3-BF4B-00C04F79EFBC}") = "BMI", "BMI.csproj", "{4AB6D343-F746-4AEC-B565-BAB9054C7156}"
EndProject
Global
	GlobalSection(SolutionConfigurationPlatforms) = preSolution
		Debug|Any CPU = Debug|Any CPU
		Release|Any CPU = Release|Any CPU
	EndGlobalSection
	GlobalSection(ProjectConfigurationPlatforms) = postSolution
		{4AB6D343-F746-4AEC-B565-BAB9054C7156}.Debug|Any CPU.ActiveCfg = Debug|Any CPU
		{4AB6D343-F746-4AEC-B565-BAB9054C7156}.Debug|Any CPU.Build.0 = Debug|Any CPU
		{4AB6D343-F746-4AEC-B565-BAB9054C7156}.Release|Any CPU.ActiveCfg = Release|Any CPU
		{4AB6D343-F746-4AEC-B565-BAB9054C7156}.Release|Any CPU.Build.0 = Release|Any CPU
	EndGlobalSection
	GlobalSection(SolutionProperties) = preSolution
		HideSolutionNode = FALSE
	EndGlobalSection
	GlobalSection(ExtensibilityGlobals) = postSolution
		SolutionGuid = {2AC9BCE0-88F8-4036-BA1A-7CF1A5F40FE5}
	EndGlobalSection
EndGlobal
